// !$*UTF8*$!
{
	archiveVersion = 1;
	classes = {
	};
	objectVersion = 48;
	objects = {

/* Begin PBXBuildFile section */
		293399B1EAACFBA01ECBE3EB /* Pods_HotpotUITests.framework in Frameworks */ = {isa = PBXBuildFile; fileRef = 119A914222AD638A2D9BC5E6 /* Pods_HotpotUITests.framework */; };
		3104339A2022ECBB00DAFFA7 /* hotpot.csv in Resources */ = {isa = PBXBuildFile; fileRef = 310433992022ECBA00DAFFA7 /* hotpot.csv */; };
		3104339C20233CA900DAFFA7 /* DataTableViewCell.swift in Sources */ = {isa = PBXBuildFile; fileRef = 3104339B20233CA900DAFFA7 /* DataTableViewCell.swift */; };
		3104339E2023413900DAFFA7 /* egg.txt in Resources */ = {isa = PBXBuildFile; fileRef = 3104339D2023413900DAFFA7 /* egg.txt */; };
		310DC9A020117B4F00B872F0 /* AppDelegate.swift in Sources */ = {isa = PBXBuildFile; fileRef = 310DC99F20117B4F00B872F0 /* AppDelegate.swift */; };
		310DC9A520117B4F00B872F0 /* Main.storyboard in Resources */ = {isa = PBXBuildFile; fileRef = 310DC9A320117B4F00B872F0 /* Main.storyboard */; };
		310DC9A820117B4F00B872F0 /* Hotpot.xcdatamodeld in Sources */ = {isa = PBXBuildFile; fileRef = 310DC9A620117B4F00B872F0 /* Hotpot.xcdatamodeld */; };
		310DC9AA20117B4F00B872F0 /* Assets.xcassets in Resources */ = {isa = PBXBuildFile; fileRef = 310DC9A920117B4F00B872F0 /* Assets.xcassets */; };
		310DC9AD20117B4F00B872F0 /* LaunchScreen.storyboard in Resources */ = {isa = PBXBuildFile; fileRef = 310DC9AB20117B4F00B872F0 /* LaunchScreen.storyboard */; };
		310DC9B820117B4F00B872F0 /* HotpotTests.swift in Sources */ = {isa = PBXBuildFile; fileRef = 310DC9B720117B4F00B872F0 /* HotpotTests.swift */; };
		310DC9C320117B4F00B872F0 /* HotpotUITests.swift in Sources */ = {isa = PBXBuildFile; fileRef = 310DC9C220117B4F00B872F0 /* HotpotUITests.swift */; };
		312BB9B22017FAB800E2E284 /* CardsTableViewCell.swift in Sources */ = {isa = PBXBuildFile; fileRef = 312BB9B12017FAB800E2E284 /* CardsTableViewCell.swift */; };
		3134542120156B5100816D80 /* KBeaconManagerDelegate.swift in Sources */ = {isa = PBXBuildFile; fileRef = 3134542020156B5100816D80 /* KBeaconManagerDelegate.swift */; };
		31CA7616201356F600514290 /* RoundButton.swift in Sources */ = {isa = PBXBuildFile; fileRef = 31CA7615201356F600514290 /* RoundButton.swift */; };
		31CA761B20135D8000514290 /* CardsTableViewController.swift in Sources */ = {isa = PBXBuildFile; fileRef = 31CA761A20135D8000514290 /* CardsTableViewController.swift */; };
		31CA761D20135D9A00514290 /* DataTableViewController.swift in Sources */ = {isa = PBXBuildFile; fileRef = 31CA761C20135D9A00514290 /* DataTableViewController.swift */; };
		31CA761F2013620100514290 /* TrackingViewController.swift in Sources */ = {isa = PBXBuildFile; fileRef = 31CA761E2013620100514290 /* TrackingViewController.swift */; };
		31CA7622201363A900514290 /* CoreBluetooth.framework in Frameworks */ = {isa = PBXBuildFile; fileRef = 31CA7621201363A900514290 /* CoreBluetooth.framework */; };
		828FE26353999AF9E00930E3 /* Pods_HotpotTests.framework in Frameworks */ = {isa = PBXBuildFile; fileRef = A2E138A0B9827A354BA5F6C6 /* Pods_HotpotTests.framework */; };
		B1EB6E23A2F4266E2B1367CA /* Pods_Hotpot.framework in Frameworks */ = {isa = PBXBuildFile; fileRef = 1E31875D7A088A2C579B624D /* Pods_Hotpot.framework */; };
/* End PBXBuildFile section */

/* Begin PBXContainerItemProxy section */
		310DC9B420117B4F00B872F0 /* PBXContainerItemProxy */ = {
			isa = PBXContainerItemProxy;
			containerPortal = 310DC99420117B4F00B872F0 /* Project object */;
			proxyType = 1;
			remoteGlobalIDString = 310DC99B20117B4F00B872F0;
			remoteInfo = Hotpot;
		};
		310DC9BF20117B4F00B872F0 /* PBXContainerItemProxy */ = {
			isa = PBXContainerItemProxy;
			containerPortal = 310DC99420117B4F00B872F0 /* Project object */;
			proxyType = 1;
			remoteGlobalIDString = 310DC99B20117B4F00B872F0;
			remoteInfo = Hotpot;
		};
/* End PBXContainerItemProxy section */

/* Begin PBXFileReference section */
		064E1F7C09A0819DA36A18AD /* Pods-HotpotUITests.release.xcconfig */ = {isa = PBXFileReference; includeInIndex = 1; lastKnownFileType = text.xcconfig; name = "Pods-HotpotUITests.release.xcconfig"; path = "Pods/Target Support Files/Pods-HotpotUITests/Pods-HotpotUITests.release.xcconfig"; sourceTree = "<group>"; };
		119A914222AD638A2D9BC5E6 /* Pods_HotpotUITests.framework */ = {isa = PBXFileReference; explicitFileType = wrapper.framework; includeInIndex = 0; path = Pods_HotpotUITests.framework; sourceTree = BUILT_PRODUCTS_DIR; };
		1E31875D7A088A2C579B624D /* Pods_Hotpot.framework */ = {isa = PBXFileReference; explicitFileType = wrapper.framework; includeInIndex = 0; path = Pods_Hotpot.framework; sourceTree = BUILT_PRODUCTS_DIR; };
		310433992022ECBA00DAFFA7 /* hotpot.csv */ = {isa = PBXFileReference; fileEncoding = 4; lastKnownFileType = text; path = hotpot.csv; sourceTree = "<group>"; };
		3104339B20233CA900DAFFA7 /* DataTableViewCell.swift */ = {isa = PBXFileReference; lastKnownFileType = sourcecode.swift; path = DataTableViewCell.swift; sourceTree = "<group>"; };
		3104339D2023413900DAFFA7 /* egg.txt */ = {isa = PBXFileReference; fileEncoding = 4; lastKnownFileType = text; path = egg.txt; sourceTree = "<group>"; };
		310DC99C20117B4F00B872F0 /* Hotpot.app */ = {isa = PBXFileReference; explicitFileType = wrapper.application; includeInIndex = 0; path = Hotpot.app; sourceTree = BUILT_PRODUCTS_DIR; };
		310DC99F20117B4F00B872F0 /* AppDelegate.swift */ = {isa = PBXFileReference; lastKnownFileType = sourcecode.swift; path = AppDelegate.swift; sourceTree = "<group>"; };
		310DC9A420117B4F00B872F0 /* Base */ = {isa = PBXFileReference; lastKnownFileType = file.storyboard; name = Base; path = Base.lproj/Main.storyboard; sourceTree = "<group>"; };
		310DC9A720117B4F00B872F0 /* Hotpot.xcdatamodel */ = {isa = PBXFileReference; lastKnownFileType = wrapper.xcdatamodel; path = Hotpot.xcdatamodel; sourceTree = "<group>"; };
		310DC9A920117B4F00B872F0 /* Assets.xcassets */ = {isa = PBXFileReference; lastKnownFileType = folder.assetcatalog; path = Assets.xcassets; sourceTree = "<group>"; };
		310DC9AC20117B4F00B872F0 /* Base */ = {isa = PBXFileReference; lastKnownFileType = file.storyboard; name = Base; path = Base.lproj/LaunchScreen.storyboard; sourceTree = "<group>"; };
		310DC9AE20117B4F00B872F0 /* Info.plist */ = {isa = PBXFileReference; lastKnownFileType = text.plist.xml; path = Info.plist; sourceTree = "<group>"; };
		310DC9B320117B4F00B872F0 /* HotpotTests.xctest */ = {isa = PBXFileReference; explicitFileType = wrapper.cfbundle; includeInIndex = 0; path = HotpotTests.xctest; sourceTree = BUILT_PRODUCTS_DIR; };
		310DC9B720117B4F00B872F0 /* HotpotTests.swift */ = {isa = PBXFileReference; lastKnownFileType = sourcecode.swift; path = HotpotTests.swift; sourceTree = "<group>"; };
		310DC9B920117B4F00B872F0 /* Info.plist */ = {isa = PBXFileReference; lastKnownFileType = text.plist.xml; path = Info.plist; sourceTree = "<group>"; };
		310DC9BE20117B4F00B872F0 /* HotpotUITests.xctest */ = {isa = PBXFileReference; explicitFileType = wrapper.cfbundle; includeInIndex = 0; path = HotpotUITests.xctest; sourceTree = BUILT_PRODUCTS_DIR; };
		310DC9C220117B4F00B872F0 /* HotpotUITests.swift */ = {isa = PBXFileReference; lastKnownFileType = sourcecode.swift; path = HotpotUITests.swift; sourceTree = "<group>"; };
		310DC9C420117B4F00B872F0 /* Info.plist */ = {isa = PBXFileReference; lastKnownFileType = text.plist.xml; path = Info.plist; sourceTree = "<group>"; };
		312BB9B12017FAB800E2E284 /* CardsTableViewCell.swift */ = {isa = PBXFileReference; lastKnownFileType = sourcecode.swift; path = CardsTableViewCell.swift; sourceTree = "<group>"; };
		3134542020156B5100816D80 /* KBeaconManagerDelegate.swift */ = {isa = PBXFileReference; lastKnownFileType = sourcecode.swift; path = KBeaconManagerDelegate.swift; sourceTree = "<group>"; };
		31CA7615201356F600514290 /* RoundButton.swift */ = {isa = PBXFileReference; lastKnownFileType = sourcecode.swift; path = RoundButton.swift; sourceTree = "<group>"; };
		31CA761A20135D8000514290 /* CardsTableViewController.swift */ = {isa = PBXFileReference; lastKnownFileType = sourcecode.swift; path = CardsTableViewController.swift; sourceTree = "<group>"; };
		31CA761C20135D9A00514290 /* DataTableViewController.swift */ = {isa = PBXFileReference; lastKnownFileType = sourcecode.swift; path = DataTableViewController.swift; sourceTree = "<group>"; };
		31CA761E2013620100514290 /* TrackingViewController.swift */ = {isa = PBXFileReference; lastKnownFileType = sourcecode.swift; path = TrackingViewController.swift; sourceTree = "<group>"; };
		31CA7621201363A900514290 /* CoreBluetooth.framework */ = {isa = PBXFileReference; lastKnownFileType = wrapper.framework; name = CoreBluetooth.framework; path = System/Library/Frameworks/CoreBluetooth.framework; sourceTree = SDKROOT; };
		31CA762720136F8700514290 /* SwiftyBluetooth.framework */ = {isa = PBXFileReference; explicitFileType = wrapper.framework; path = SwiftyBluetooth.framework; sourceTree = BUILT_PRODUCTS_DIR; };
		667AD46DF52A3B105C79A9AA /* Pods-Hotpot.debug.xcconfig */ = {isa = PBXFileReference; includeInIndex = 1; lastKnownFileType = text.xcconfig; name = "Pods-Hotpot.debug.xcconfig"; path = "Pods/Target Support Files/Pods-Hotpot/Pods-Hotpot.debug.xcconfig"; sourceTree = "<group>"; };
		A2E138A0B9827A354BA5F6C6 /* Pods_HotpotTests.framework */ = {isa = PBXFileReference; explicitFileType = wrapper.framework; includeInIndex = 0; path = Pods_HotpotTests.framework; sourceTree = BUILT_PRODUCTS_DIR; };
		B33E997DA8F1DABB07015999 /* Pods-HotpotTests.release.xcconfig */ = {isa = PBXFileReference; includeInIndex = 1; lastKnownFileType = text.xcconfig; name = "Pods-HotpotTests.release.xcconfig"; path = "Pods/Target Support Files/Pods-HotpotTests/Pods-HotpotTests.release.xcconfig"; sourceTree = "<group>"; };
		C611150E3E055A361F09E751 /* Pods-HotpotUITests.debug.xcconfig */ = {isa = PBXFileReference; includeInIndex = 1; lastKnownFileType = text.xcconfig; name = "Pods-HotpotUITests.debug.xcconfig"; path = "Pods/Target Support Files/Pods-HotpotUITests/Pods-HotpotUITests.debug.xcconfig"; sourceTree = "<group>"; };
		D712C36DAEE7137A5F14B88B /* Pods-HotpotTests.debug.xcconfig */ = {isa = PBXFileReference; includeInIndex = 1; lastKnownFileType = text.xcconfig; name = "Pods-HotpotTests.debug.xcconfig"; path = "Pods/Target Support Files/Pods-HotpotTests/Pods-HotpotTests.debug.xcconfig"; sourceTree = "<group>"; };
		FF9B334CEE08134BA2C21B2E /* Pods-Hotpot.release.xcconfig */ = {isa = PBXFileReference; includeInIndex = 1; lastKnownFileType = text.xcconfig; name = "Pods-Hotpot.release.xcconfig"; path = "Pods/Target Support Files/Pods-Hotpot/Pods-Hotpot.release.xcconfig"; sourceTree = "<group>"; };
/* End PBXFileReference section */

/* Begin PBXFrameworksBuildPhase section */
		310DC99920117B4F00B872F0 /* Frameworks */ = {
			isa = PBXFrameworksBuildPhase;
			buildActionMask = 2147483647;
			files = (
				31CA7622201363A900514290 /* CoreBluetooth.framework in Frameworks */,
				B1EB6E23A2F4266E2B1367CA /* Pods_Hotpot.framework in Frameworks */,
			);
			runOnlyForDeploymentPostprocessing = 0;
		};
		310DC9B020117B4F00B872F0 /* Frameworks */ = {
			isa = PBXFrameworksBuildPhase;
			buildActionMask = 2147483647;
			files = (
				828FE26353999AF9E00930E3 /* Pods_HotpotTests.framework in Frameworks */,
			);
			runOnlyForDeploymentPostprocessing = 0;
		};
		310DC9BB20117B4F00B872F0 /* Frameworks */ = {
			isa = PBXFrameworksBuildPhase;
			buildActionMask = 2147483647;
			files = (
				293399B1EAACFBA01ECBE3EB /* Pods_HotpotUITests.framework in Frameworks */,
			);
			runOnlyForDeploymentPostprocessing = 0;
		};
/* End PBXFrameworksBuildPhase section */

/* Begin PBXGroup section */
		310433972022E8CE00DAFFA7 /* Files */ = {
			isa = PBXGroup;
			children = (
				3104339D2023413900DAFFA7 /* egg.txt */,
				310433992022ECBA00DAFFA7 /* hotpot.csv */,
			);
			path = Files;
			sourceTree = "<group>";
		};
		310DC99320117B4F00B872F0 = {
			isa = PBXGroup;
			children = (
				310DC99E20117B4F00B872F0 /* Hotpot */,
				310DC9B620117B4F00B872F0 /* HotpotTests */,
				310DC9C120117B4F00B872F0 /* HotpotUITests */,
				310DC99D20117B4F00B872F0 /* Products */,
				31CA7620201363A900514290 /* Frameworks */,
				A9702E118E5843D0804A6B94 /* Pods */,
			);
			sourceTree = "<group>";
		};
		310DC99D20117B4F00B872F0 /* Products */ = {
			isa = PBXGroup;
			children = (
				310DC99C20117B4F00B872F0 /* Hotpot.app */,
				310DC9B320117B4F00B872F0 /* HotpotTests.xctest */,
				310DC9BE20117B4F00B872F0 /* HotpotUITests.xctest */,
			);
			name = Products;
			sourceTree = "<group>";
		};
		310DC99E20117B4F00B872F0 /* Hotpot */ = {
			isa = PBXGroup;
			children = (
				310433972022E8CE00DAFFA7 /* Files */,
				31CA76232013676C00514290 /* Helper */,
				31CA76192013575200514290 /* Delegates */,
				31CA76182013572500514290 /* ViewControllers */,
				31CA76172013571C00514290 /* Storyboards */,
				31CA7614201356CE00514290 /* Assets */,
				310DC9A920117B4F00B872F0 /* Assets.xcassets */,
				310DC9AE20117B4F00B872F0 /* Info.plist */,
				310DC9A620117B4F00B872F0 /* Hotpot.xcdatamodeld */,
			);
			path = Hotpot;
			sourceTree = "<group>";
		};
		310DC9B620117B4F00B872F0 /* HotpotTests */ = {
			isa = PBXGroup;
			children = (
				310DC9B720117B4F00B872F0 /* HotpotTests.swift */,
				310DC9B920117B4F00B872F0 /* Info.plist */,
			);
			path = HotpotTests;
			sourceTree = "<group>";
		};
		310DC9C120117B4F00B872F0 /* HotpotUITests */ = {
			isa = PBXGroup;
			children = (
				310DC9C220117B4F00B872F0 /* HotpotUITests.swift */,
				310DC9C420117B4F00B872F0 /* Info.plist */,
			);
			path = HotpotUITests;
			sourceTree = "<group>";
		};
		31CA7614201356CE00514290 /* Assets */ = {
			isa = PBXGroup;
			children = (
				31CA7615201356F600514290 /* RoundButton.swift */,
				312BB9B12017FAB800E2E284 /* CardsTableViewCell.swift */,
				3104339B20233CA900DAFFA7 /* DataTableViewCell.swift */,
			);
			path = Assets;
			sourceTree = "<group>";
		};
		31CA76172013571C00514290 /* Storyboards */ = {
			isa = PBXGroup;
			children = (
				310DC9AB20117B4F00B872F0 /* LaunchScreen.storyboard */,
				310DC9A320117B4F00B872F0 /* Main.storyboard */,
			);
			path = Storyboards;
			sourceTree = "<group>";
		};
		31CA76182013572500514290 /* ViewControllers */ = {
			isa = PBXGroup;
			children = (
				31CA761A20135D8000514290 /* CardsTableViewController.swift */,
				31CA761C20135D9A00514290 /* DataTableViewController.swift */,
				31CA761E2013620100514290 /* TrackingViewController.swift */,
			);
			path = ViewControllers;
			sourceTree = "<group>";
		};
		31CA76192013575200514290 /* Delegates */ = {
			isa = PBXGroup;
			children = (
				310DC99F20117B4F00B872F0 /* AppDelegate.swift */,
				3134542020156B5100816D80 /* KBeaconManagerDelegate.swift */,
			);
			path = Delegates;
			sourceTree = "<group>";
		};
		31CA7620201363A900514290 /* Frameworks */ = {
			isa = PBXGroup;
			children = (
				31CA762720136F8700514290 /* SwiftyBluetooth.framework */,
				31CA7621201363A900514290 /* CoreBluetooth.framework */,
				1E31875D7A088A2C579B624D /* Pods_Hotpot.framework */,
				A2E138A0B9827A354BA5F6C6 /* Pods_HotpotTests.framework */,
				119A914222AD638A2D9BC5E6 /* Pods_HotpotUITests.framework */,
			);
			name = Frameworks;
			sourceTree = "<group>";
		};
		31CA76232013676C00514290 /* Helper */ = {
			isa = PBXGroup;
			children = (
			);
			path = Helper;
			sourceTree = "<group>";
		};
		A9702E118E5843D0804A6B94 /* Pods */ = {
			isa = PBXGroup;
			children = (
				667AD46DF52A3B105C79A9AA /* Pods-Hotpot.debug.xcconfig */,
				FF9B334CEE08134BA2C21B2E /* Pods-Hotpot.release.xcconfig */,
				D712C36DAEE7137A5F14B88B /* Pods-HotpotTests.debug.xcconfig */,
				B33E997DA8F1DABB07015999 /* Pods-HotpotTests.release.xcconfig */,
				C611150E3E055A361F09E751 /* Pods-HotpotUITests.debug.xcconfig */,
				064E1F7C09A0819DA36A18AD /* Pods-HotpotUITests.release.xcconfig */,
			);
			name = Pods;
			sourceTree = "<group>";
		};
/* End PBXGroup section */

/* Begin PBXNativeTarget section */
		310DC99B20117B4F00B872F0 /* Hotpot */ = {
			isa = PBXNativeTarget;
			buildConfigurationList = 310DC9C720117B4F00B872F0 /* Build configuration list for PBXNativeTarget "Hotpot" */;
			buildPhases = (
				2C0255D0195BC0652D938D3A /* [CP] Check Pods Manifest.lock */,
				310DC99820117B4F00B872F0 /* Sources */,
				310DC99920117B4F00B872F0 /* Frameworks */,
				310DC99A20117B4F00B872F0 /* Resources */,
				C793E6CE987C0E70EF7848F0 /* [CP] Embed Pods Frameworks */,
				6AC599768ED941305A64E7B0 /* [CP] Copy Pods Resources */,
			);
			buildRules = (
			);
			dependencies = (
			);
			name = Hotpot;
			productName = Hotpot;
			productReference = 310DC99C20117B4F00B872F0 /* Hotpot.app */;
			productType = "com.apple.product-type.application";
		};
		310DC9B220117B4F00B872F0 /* HotpotTests */ = {
			isa = PBXNativeTarget;
			buildConfigurationList = 310DC9CA20117B4F00B872F0 /* Build configuration list for PBXNativeTarget "HotpotTests" */;
			buildPhases = (
				316E63CF533BEE31B48E9268 /* [CP] Check Pods Manifest.lock */,
				310DC9AF20117B4F00B872F0 /* Sources */,
				310DC9B020117B4F00B872F0 /* Frameworks */,
				310DC9B120117B4F00B872F0 /* Resources */,
				F4D51F6C0D945E61A599F4BC /* [CP] Embed Pods Frameworks */,
				E94B4D807850A06D57147F8D /* [CP] Copy Pods Resources */,
			);
			buildRules = (
			);
			dependencies = (
				310DC9B520117B4F00B872F0 /* PBXTargetDependency */,
			);
			name = HotpotTests;
			productName = HotpotTests;
			productReference = 310DC9B320117B4F00B872F0 /* HotpotTests.xctest */;
			productType = "com.apple.product-type.bundle.unit-test";
		};
		310DC9BD20117B4F00B872F0 /* HotpotUITests */ = {
			isa = PBXNativeTarget;
			buildConfigurationList = 310DC9CD20117B4F00B872F0 /* Build configuration list for PBXNativeTarget "HotpotUITests" */;
			buildPhases = (
				E15BA2DDA3AFA94598E58D35 /* [CP] Check Pods Manifest.lock */,
				310DC9BA20117B4F00B872F0 /* Sources */,
				310DC9BB20117B4F00B872F0 /* Frameworks */,
				310DC9BC20117B4F00B872F0 /* Resources */,
				58BBD8A9C57D1356F21E0FE5 /* [CP] Embed Pods Frameworks */,
				06D251C216EE3E05C2C8EC50 /* [CP] Copy Pods Resources */,
			);
			buildRules = (
			);
			dependencies = (
				310DC9C020117B4F00B872F0 /* PBXTargetDependency */,
			);
			name = HotpotUITests;
			productName = HotpotUITests;
			productReference = 310DC9BE20117B4F00B872F0 /* HotpotUITests.xctest */;
			productType = "com.apple.product-type.bundle.ui-testing";
		};
/* End PBXNativeTarget section */

/* Begin PBXProject section */
		310DC99420117B4F00B872F0 /* Project object */ = {
			isa = PBXProject;
			attributes = {
				LastSwiftUpdateCheck = 0920;
				LastUpgradeCheck = 0920;
				ORGANIZATIONNAME = rmit;
				TargetAttributes = {
					310DC99B20117B4F00B872F0 = {
						CreatedOnToolsVersion = 9.2;
						ProvisioningStyle = Automatic;
					};
					310DC9B220117B4F00B872F0 = {
						CreatedOnToolsVersion = 9.2;
						ProvisioningStyle = Automatic;
						TestTargetID = 310DC99B20117B4F00B872F0;
					};
					310DC9BD20117B4F00B872F0 = {
						CreatedOnToolsVersion = 9.2;
						ProvisioningStyle = Automatic;
						TestTargetID = 310DC99B20117B4F00B872F0;
					};
				};
			};
			buildConfigurationList = 310DC99720117B4F00B872F0 /* Build configuration list for PBXProject "Hotpot" */;
			compatibilityVersion = "Xcode 8.0";
			developmentRegion = en;
			hasScannedForEncodings = 0;
			knownRegions = (
				en,
				Base,
			);
			mainGroup = 310DC99320117B4F00B872F0;
			productRefGroup = 310DC99D20117B4F00B872F0 /* Products */;
			projectDirPath = "";
			projectRoot = "";
			targets = (
				310DC99B20117B4F00B872F0 /* Hotpot */,
				310DC9B220117B4F00B872F0 /* HotpotTests */,
				310DC9BD20117B4F00B872F0 /* HotpotUITests */,
			);
		};
/* End PBXProject section */

/* Begin PBXResourcesBuildPhase section */
		310DC99A20117B4F00B872F0 /* Resources */ = {
			isa = PBXResourcesBuildPhase;
			buildActionMask = 2147483647;
			files = (
				310DC9AD20117B4F00B872F0 /* LaunchScreen.storyboard in Resources */,
				310DC9AA20117B4F00B872F0 /* Assets.xcassets in Resources */,
				3104339A2022ECBB00DAFFA7 /* hotpot.csv in Resources */,
				310DC9A520117B4F00B872F0 /* Main.storyboard in Resources */,
				3104339E2023413900DAFFA7 /* egg.txt in Resources */,
			);
			runOnlyForDeploymentPostprocessing = 0;
		};
		310DC9B120117B4F00B872F0 /* Resources */ = {
			isa = PBXResourcesBuildPhase;
			buildActionMask = 2147483647;
			files = (
			);
			runOnlyForDeploymentPostprocessing = 0;
		};
		310DC9BC20117B4F00B872F0 /* Resources */ = {
			isa = PBXResourcesBuildPhase;
			buildActionMask = 2147483647;
			files = (
			);
			runOnlyForDeploymentPostprocessing = 0;
		};
/* End PBXResourcesBuildPhase section */

/* Begin PBXShellScriptBuildPhase section */
		06D251C216EE3E05C2C8EC50 /* [CP] Copy Pods Resources */ = {
			isa = PBXShellScriptBuildPhase;
			buildActionMask = 2147483647;
			files = (
			);
			inputPaths = (
			);
			name = "[CP] Copy Pods Resources";
			outputPaths = (
			);
			runOnlyForDeploymentPostprocessing = 0;
			shellPath = /bin/sh;
			shellScript = "\"${SRCROOT}/Pods/Target Support Files/Pods-HotpotUITests/Pods-HotpotUITests-resources.sh\"\n";
			showEnvVarsInLog = 0;
		};
		2C0255D0195BC0652D938D3A /* [CP] Check Pods Manifest.lock */ = {
			isa = PBXShellScriptBuildPhase;
			buildActionMask = 2147483647;
			files = (
			);
			inputPaths = (
				"${PODS_PODFILE_DIR_PATH}/Podfile.lock",
				"${PODS_ROOT}/Manifest.lock",
			);
			name = "[CP] Check Pods Manifest.lock";
			outputPaths = (
				"$(DERIVED_FILE_DIR)/Pods-Hotpot-checkManifestLockResult.txt",
			);
			runOnlyForDeploymentPostprocessing = 0;
			shellPath = /bin/sh;
			shellScript = "diff \"${PODS_PODFILE_DIR_PATH}/Podfile.lock\" \"${PODS_ROOT}/Manifest.lock\" > /dev/null\nif [ $? != 0 ] ; then\n    # print error to STDERR\n    echo \"error: The sandbox is not in sync with the Podfile.lock. Run 'pod install' or update your CocoaPods installation.\" >&2\n    exit 1\nfi\n# This output is used by Xcode 'outputs' to avoid re-running this script phase.\necho \"SUCCESS\" > \"${SCRIPT_OUTPUT_FILE_0}\"\n";
			showEnvVarsInLog = 0;
		};
		316E63CF533BEE31B48E9268 /* [CP] Check Pods Manifest.lock */ = {
			isa = PBXShellScriptBuildPhase;
			buildActionMask = 2147483647;
			files = (
			);
			inputPaths = (
				"${PODS_PODFILE_DIR_PATH}/Podfile.lock",
				"${PODS_ROOT}/Manifest.lock",
			);
			name = "[CP] Check Pods Manifest.lock";
			outputPaths = (
				"$(DERIVED_FILE_DIR)/Pods-HotpotTests-checkManifestLockResult.txt",
			);
			runOnlyForDeploymentPostprocessing = 0;
			shellPath = /bin/sh;
			shellScript = "diff \"${PODS_PODFILE_DIR_PATH}/Podfile.lock\" \"${PODS_ROOT}/Manifest.lock\" > /dev/null\nif [ $? != 0 ] ; then\n    # print error to STDERR\n    echo \"error: The sandbox is not in sync with the Podfile.lock. Run 'pod install' or update your CocoaPods installation.\" >&2\n    exit 1\nfi\n# This output is used by Xcode 'outputs' to avoid re-running this script phase.\necho \"SUCCESS\" > \"${SCRIPT_OUTPUT_FILE_0}\"\n";
			showEnvVarsInLog = 0;
		};
		58BBD8A9C57D1356F21E0FE5 /* [CP] Embed Pods Frameworks */ = {
			isa = PBXShellScriptBuildPhase;
			buildActionMask = 2147483647;
			files = (
			);
			inputPaths = (
			);
			name = "[CP] Embed Pods Frameworks";
			outputPaths = (
			);
			runOnlyForDeploymentPostprocessing = 0;
			shellPath = /bin/sh;
			shellScript = "\"${SRCROOT}/Pods/Target Support Files/Pods-HotpotUITests/Pods-HotpotUITests-frameworks.sh\"\n";
			showEnvVarsInLog = 0;
		};
		6AC599768ED941305A64E7B0 /* [CP] Copy Pods Resources */ = {
			isa = PBXShellScriptBuildPhase;
			buildActionMask = 2147483647;
			files = (
			);
			inputPaths = (
			);
			name = "[CP] Copy Pods Resources";
			outputPaths = (
			);
			runOnlyForDeploymentPostprocessing = 0;
			shellPath = /bin/sh;
			shellScript = "\"${SRCROOT}/Pods/Target Support Files/Pods-Hotpot/Pods-Hotpot-resources.sh\"\n";
			showEnvVarsInLog = 0;
		};
		C793E6CE987C0E70EF7848F0 /* [CP] Embed Pods Frameworks */ = {
			isa = PBXShellScriptBuildPhase;
			buildActionMask = 2147483647;
			files = (
			);
			inputPaths = (
				"${SRCROOT}/Pods/Target Support Files/Pods-Hotpot/Pods-Hotpot-frameworks.sh",
				"${BUILT_PRODUCTS_DIR}/AWSCognito/AWSCognito.framework",
				"${BUILT_PRODUCTS_DIR}/AWSCore/AWSCore.framework",
				"${BUILT_PRODUCTS_DIR}/AWSS3/AWSS3.framework",
				"${PODS_ROOT}/KontaktSDK/Cocoapods/iOS/KontaktSDK.framework",
			);
			name = "[CP] Embed Pods Frameworks";
			outputPaths = (
				"${TARGET_BUILD_DIR}/${FRAMEWORKS_FOLDER_PATH}/AWSCognito.framework",
				"${TARGET_BUILD_DIR}/${FRAMEWORKS_FOLDER_PATH}/AWSCore.framework",
				"${TARGET_BUILD_DIR}/${FRAMEWORKS_FOLDER_PATH}/AWSS3.framework",
				"${TARGET_BUILD_DIR}/${FRAMEWORKS_FOLDER_PATH}/KontaktSDK.framework",
			);
			runOnlyForDeploymentPostprocessing = 0;
			shellPath = /bin/sh;
			shellScript = "\"${SRCROOT}/Pods/Target Support Files/Pods-Hotpot/Pods-Hotpot-frameworks.sh\"\n";
			showEnvVarsInLog = 0;
		};
		E15BA2DDA3AFA94598E58D35 /* [CP] Check Pods Manifest.lock */ = {
			isa = PBXShellScriptBuildPhase;
			buildActionMask = 2147483647;
			files = (
			);
			inputPaths = (
				"${PODS_PODFILE_DIR_PATH}/Podfile.lock",
				"${PODS_ROOT}/Manifest.lock",
			);
			name = "[CP] Check Pods Manifest.lock";
			outputPaths = (
				"$(DERIVED_FILE_DIR)/Pods-HotpotUITests-checkManifestLockResult.txt",
			);
			runOnlyForDeploymentPostprocessing = 0;
			shellPath = /bin/sh;
			shellScript = "diff \"${PODS_PODFILE_DIR_PATH}/Podfile.lock\" \"${PODS_ROOT}/Manifest.lock\" > /dev/null\nif [ $? != 0 ] ; then\n    # print error to STDERR\n    echo \"error: The sandbox is not in sync with the Podfile.lock. Run 'pod install' or update your CocoaPods installation.\" >&2\n    exit 1\nfi\n# This output is used by Xcode 'outputs' to avoid re-running this script phase.\necho \"SUCCESS\" > \"${SCRIPT_OUTPUT_FILE_0}\"\n";
			showEnvVarsInLog = 0;
		};
		E94B4D807850A06D57147F8D /* [CP] Copy Pods Resources */ = {
			isa = PBXShellScriptBuildPhase;
			buildActionMask = 2147483647;
			files = (
			);
			inputPaths = (
			);
			name = "[CP] Copy Pods Resources";
			outputPaths = (
			);
			runOnlyForDeploymentPostprocessing = 0;
			shellPath = /bin/sh;
			shellScript = "\"${SRCROOT}/Pods/Target Support Files/Pods-HotpotTests/Pods-HotpotTests-resources.sh\"\n";
			showEnvVarsInLog = 0;
		};
		F4D51F6C0D945E61A599F4BC /* [CP] Embed Pods Frameworks */ = {
			isa = PBXShellScriptBuildPhase;
			buildActionMask = 2147483647;
			files = (
			);
			inputPaths = (
			);
			name = "[CP] Embed Pods Frameworks";
			outputPaths = (
			);
			runOnlyForDeploymentPostprocessing = 0;
			shellPath = /bin/sh;
			shellScript = "\"${SRCROOT}/Pods/Target Support Files/Pods-HotpotTests/Pods-HotpotTests-frameworks.sh\"\n";
			showEnvVarsInLog = 0;
		};
/* End PBXShellScriptBuildPhase section */

/* Begin PBXSourcesBuildPhase section */
		310DC99820117B4F00B872F0 /* Sources */ = {
			isa = PBXSourcesBuildPhase;
			buildActionMask = 2147483647;
			files = (
				31CA7616201356F600514290 /* RoundButton.swift in Sources */,
				31CA761D20135D9A00514290 /* DataTableViewController.swift in Sources */,
				3134542120156B5100816D80 /* KBeaconManagerDelegate.swift in Sources */,
				312BB9B22017FAB800E2E284 /* CardsTableViewCell.swift in Sources */,
				3104339C20233CA900DAFFA7 /* DataTableViewCell.swift in Sources */,
				310DC9A820117B4F00B872F0 /* Hotpot.xcdatamodeld in Sources */,
				31CA761F2013620100514290 /* TrackingViewController.swift in Sources */,
				31CA761B20135D8000514290 /* CardsTableViewController.swift in Sources */,
				310DC9A020117B4F00B872F0 /* AppDelegate.swift in Sources */,
			);
			runOnlyForDeploymentPostprocessing = 0;
		};
		310DC9AF20117B4F00B872F0 /* Sources */ = {
			isa = PBXSourcesBuildPhase;
			buildActionMask = 2147483647;
			files = (
				310DC9B820117B4F00B872F0 /* HotpotTests.swift in Sources */,
			);
			runOnlyForDeploymentPostprocessing = 0;
		};
		310DC9BA20117B4F00B872F0 /* Sources */ = {
			isa = PBXSourcesBuildPhase;
			buildActionMask = 2147483647;
			files = (
				310DC9C320117B4F00B872F0 /* HotpotUITests.swift in Sources */,
			);
			runOnlyForDeploymentPostprocessing = 0;
		};
/* End PBXSourcesBuildPhase section */

/* Begin PBXTargetDependency section */
		310DC9B520117B4F00B872F0 /* PBXTargetDependency */ = {
			isa = PBXTargetDependency;
			target = 310DC99B20117B4F00B872F0 /* Hotpot */;
			targetProxy = 310DC9B420117B4F00B872F0 /* PBXContainerItemProxy */;
		};
		310DC9C020117B4F00B872F0 /* PBXTargetDependency */ = {
			isa = PBXTargetDependency;
			target = 310DC99B20117B4F00B872F0 /* Hotpot */;
			targetProxy = 310DC9BF20117B4F00B872F0 /* PBXContainerItemProxy */;
		};
/* End PBXTargetDependency section */

/* Begin PBXVariantGroup section */
		310DC9A320117B4F00B872F0 /* Main.storyboard */ = {
			isa = PBXVariantGroup;
			children = (
				310DC9A420117B4F00B872F0 /* Base */,
			);
			name = Main.storyboard;
			sourceTree = "<group>";
		};
		310DC9AB20117B4F00B872F0 /* LaunchScreen.storyboard */ = {
			isa = PBXVariantGroup;
			children = (
				310DC9AC20117B4F00B872F0 /* Base */,
			);
			name = LaunchScreen.storyboard;
			sourceTree = "<group>";
		};
/* End PBXVariantGroup section */

/* Begin XCBuildConfiguration section */
		310DC9C520117B4F00B872F0 /* Debug */ = {
			isa = XCBuildConfiguration;
			buildSettings = {
				ALWAYS_SEARCH_USER_PATHS = NO;
				CLANG_ANALYZER_NONNULL = YES;
				CLANG_ANALYZER_NUMBER_OBJECT_CONVERSION = YES_AGGRESSIVE;
				CLANG_CXX_LANGUAGE_STANDARD = "gnu++14";
				CLANG_CXX_LIBRARY = "libc++";
				CLANG_ENABLE_MODULES = YES;
				CLANG_ENABLE_OBJC_ARC = YES;
				CLANG_WARN_BLOCK_CAPTURE_AUTORELEASING = YES;
				CLANG_WARN_BOOL_CONVERSION = YES;
				CLANG_WARN_COMMA = YES;
				CLANG_WARN_CONSTANT_CONVERSION = YES;
				CLANG_WARN_DIRECT_OBJC_ISA_USAGE = YES_ERROR;
				CLANG_WARN_DOCUMENTATION_COMMENTS = YES;
				CLANG_WARN_EMPTY_BODY = YES;
				CLANG_WARN_ENUM_CONVERSION = YES;
				CLANG_WARN_INFINITE_RECURSION = YES;
				CLANG_WARN_INT_CONVERSION = YES;
				CLANG_WARN_NON_LITERAL_NULL_CONVERSION = YES;
				CLANG_WARN_OBJC_LITERAL_CONVERSION = YES;
				CLANG_WARN_OBJC_ROOT_CLASS = YES_ERROR;
				CLANG_WARN_RANGE_LOOP_ANALYSIS = YES;
				CLANG_WARN_STRICT_PROTOTYPES = YES;
				CLANG_WARN_SUSPICIOUS_MOVE = YES;
				CLANG_WARN_UNGUARDED_AVAILABILITY = YES_AGGRESSIVE;
				CLANG_WARN_UNREACHABLE_CODE = YES;
				CLANG_WARN__DUPLICATE_METHOD_MATCH = YES;
				CODE_SIGN_IDENTITY = "iPhone Developer";
				COPY_PHASE_STRIP = NO;
				DEBUG_INFORMATION_FORMAT = dwarf;
				ENABLE_STRICT_OBJC_MSGSEND = YES;
				ENABLE_TESTABILITY = YES;
				GCC_C_LANGUAGE_STANDARD = gnu11;
				GCC_DYNAMIC_NO_PIC = NO;
				GCC_NO_COMMON_BLOCKS = YES;
				GCC_OPTIMIZATION_LEVEL = 0;
				GCC_PREPROCESSOR_DEFINITIONS = (
					"DEBUG=1",
					"$(inherited)",
				);
				GCC_WARN_64_TO_32_BIT_CONVERSION = YES;
				GCC_WARN_ABOUT_RETURN_TYPE = YES_ERROR;
				GCC_WARN_UNDECLARED_SELECTOR = YES;
				GCC_WARN_UNINITIALIZED_AUTOS = YES_AGGRESSIVE;
				GCC_WARN_UNUSED_FUNCTION = YES;
				GCC_WARN_UNUSED_VARIABLE = YES;
				IPHONEOS_DEPLOYMENT_TARGET = 11.2;
				MTL_ENABLE_DEBUG_INFO = YES;
				ONLY_ACTIVE_ARCH = YES;
				SDKROOT = iphoneos;
				SWIFT_ACTIVE_COMPILATION_CONDITIONS = DEBUG;
				SWIFT_OPTIMIZATION_LEVEL = "-Onone";
			};
			name = Debug;
		};
		310DC9C620117B4F00B872F0 /* Release */ = {
			isa = XCBuildConfiguration;
			buildSettings = {
				ALWAYS_SEARCH_USER_PATHS = NO;
				CLANG_ANALYZER_NONNULL = YES;
				CLANG_ANALYZER_NUMBER_OBJECT_CONVERSION = YES_AGGRESSIVE;
				CLANG_CXX_LANGUAGE_STANDARD = "gnu++14";
				CLANG_CXX_LIBRARY = "libc++";
				CLANG_ENABLE_MODULES = YES;
				CLANG_ENABLE_OBJC_ARC = YES;
				CLANG_WARN_BLOCK_CAPTURE_AUTORELEASING = YES;
				CLANG_WARN_BOOL_CONVERSION = YES;
				CLANG_WARN_COMMA = YES;
				CLANG_WARN_CONSTANT_CONVERSION = YES;
				CLANG_WARN_DIRECT_OBJC_ISA_USAGE = YES_ERROR;
				CLANG_WARN_DOCUMENTATION_COMMENTS = YES;
				CLANG_WARN_EMPTY_BODY = YES;
				CLANG_WARN_ENUM_CONVERSION = YES;
				CLANG_WARN_INFINITE_RECURSION = YES;
				CLANG_WARN_INT_CONVERSION = YES;
				CLANG_WARN_NON_LITERAL_NULL_CONVERSION = YES;
				CLANG_WARN_OBJC_LITERAL_CONVERSION = YES;
				CLANG_WARN_OBJC_ROOT_CLASS = YES_ERROR;
				CLANG_WARN_RANGE_LOOP_ANALYSIS = YES;
				CLANG_WARN_STRICT_PROTOTYPES = YES;
				CLANG_WARN_SUSPICIOUS_MOVE = YES;
				CLANG_WARN_UNGUARDED_AVAILABILITY = YES_AGGRESSIVE;
				CLANG_WARN_UNREACHABLE_CODE = YES;
				CLANG_WARN__DUPLICATE_METHOD_MATCH = YES;
				CODE_SIGN_IDENTITY = "iPhone Developer";
				COPY_PHASE_STRIP = NO;
				DEBUG_INFORMATION_FORMAT = "dwarf-with-dsym";
				ENABLE_NS_ASSERTIONS = NO;
				ENABLE_STRICT_OBJC_MSGSEND = YES;
				GCC_C_LANGUAGE_STANDARD = gnu11;
				GCC_NO_COMMON_BLOCKS = YES;
				GCC_WARN_64_TO_32_BIT_CONVERSION = YES;
				GCC_WARN_ABOUT_RETURN_TYPE = YES_ERROR;
				GCC_WARN_UNDECLARED_SELECTOR = YES;
				GCC_WARN_UNINITIALIZED_AUTOS = YES_AGGRESSIVE;
				GCC_WARN_UNUSED_FUNCTION = YES;
				GCC_WARN_UNUSED_VARIABLE = YES;
				IPHONEOS_DEPLOYMENT_TARGET = 11.2;
				MTL_ENABLE_DEBUG_INFO = NO;
				SDKROOT = iphoneos;
				SWIFT_OPTIMIZATION_LEVEL = "-Owholemodule";
				VALIDATE_PRODUCT = YES;
			};
			name = Release;
		};
		310DC9C820117B4F00B872F0 /* Debug */ = {
			isa = XCBuildConfiguration;
			baseConfigurationReference = 667AD46DF52A3B105C79A9AA /* Pods-Hotpot.debug.xcconfig */;
			buildSettings = {
				ASSETCATALOG_COMPILER_APPICON_NAME = AppIcon;
				CODE_SIGN_STYLE = Automatic;
				DEVELOPMENT_TEAM = 85DU58398H;
				INFOPLIST_FILE = Hotpot/Info.plist;
				IPHONEOS_DEPLOYMENT_TARGET = 10.3;
				LD_RUNPATH_SEARCH_PATHS = "$(inherited) @executable_path/Frameworks";
				PRODUCT_BUNDLE_IDENTIFIER = com.rmit.Hotpot;
				PRODUCT_NAME = "$(TARGET_NAME)";
				SWIFT_VERSION = 4.0;
				TARGETED_DEVICE_FAMILY = "1,2";
			};
			name = Debug;
		};
		310DC9C920117B4F00B872F0 /* Release */ = {
			isa = XCBuildConfiguration;
			baseConfigurationReference = FF9B334CEE08134BA2C21B2E /* Pods-Hotpot.release.xcconfig */;
			buildSettings = {
				ASSETCATALOG_COMPILER_APPICON_NAME = AppIcon;
				CODE_SIGN_STYLE = Automatic;
				DEVELOPMENT_TEAM = 85DU58398H;
				INFOPLIST_FILE = Hotpot/Info.plist;
				IPHONEOS_DEPLOYMENT_TARGET = 10.3;
				LD_RUNPATH_SEARCH_PATHS = "$(inherited) @executable_path/Frameworks";
				PRODUCT_BUNDLE_IDENTIFIER = com.rmit.Hotpot;
				PRODUCT_NAME = "$(TARGET_NAME)";
				SWIFT_VERSION = 4.0;
				TARGETED_DEVICE_FAMILY = "1,2";
			};
			name = Release;
		};
		310DC9CB20117B4F00B872F0 /* Debug */ = {
			isa = XCBuildConfiguration;
			baseConfigurationReference = D712C36DAEE7137A5F14B88B /* Pods-HotpotTests.debug.xcconfig */;
			buildSettings = {
				ALWAYS_EMBED_SWIFT_STANDARD_LIBRARIES = YES;
				BUNDLE_LOADER = "$(TEST_HOST)";
				CODE_SIGN_STYLE = Automatic;
				DEVELOPMENT_TEAM = 85DU58398H;
				INFOPLIST_FILE = HotpotTests/Info.plist;
				LD_RUNPATH_SEARCH_PATHS = "$(inherited) @executable_path/Frameworks @loader_path/Frameworks";
				PRODUCT_BUNDLE_IDENTIFIER = com.rmit.HotpotTests;
				PRODUCT_NAME = "$(TARGET_NAME)";
				SWIFT_VERSION = 4.0;
				TARGETED_DEVICE_FAMILY = "1,2";
				TEST_HOST = "$(BUILT_PRODUCTS_DIR)/Hotpot.app/Hotpot";
			};
			name = Debug;
		};
		310DC9CC20117B4F00B872F0 /* Release */ = {
			isa = XCBuildConfiguration;
			baseConfigurationReference = B33E997DA8F1DABB07015999 /* Pods-HotpotTests.release.xcconfig */;
			buildSettings = {
				ALWAYS_EMBED_SWIFT_STANDARD_LIBRARIES = YES;
				BUNDLE_LOADER = "$(TEST_HOST)";
				CODE_SIGN_STYLE = Automatic;
				DEVELOPMENT_TEAM = 85DU58398H;
				INFOPLIST_FILE = HotpotTests/Info.plist;
				LD_RUNPATH_SEARCH_PATHS = "$(inherited) @executable_path/Frameworks @loader_path/Frameworks";
				PRODUCT_BUNDLE_IDENTIFIER = com.rmit.HotpotTests;
				PRODUCT_NAME = "$(TARGET_NAME)";
				SWIFT_VERSION = 4.0;
				TARGETED_DEVICE_FAMILY = "1,2";
				TEST_HOST = "$(BUILT_PRODUCTS_DIR)/Hotpot.app/Hotpot";
			};
			name = Release;
		};
		310DC9CE20117B4F00B872F0 /* Debug */ = {
			isa = XCBuildConfiguration;
			baseConfigurationReference = C611150E3E055A361F09E751 /* Pods-HotpotUITests.debug.xcconfig */;
			buildSettings = {
				ALWAYS_EMBED_SWIFT_STANDARD_LIBRARIES = YES;
				CODE_SIGN_STYLE = Automatic;
				DEVELOPMENT_TEAM = 85DU58398H;
				INFOPLIST_FILE = HotpotUITests/Info.plist;
				LD_RUNPATH_SEARCH_PATHS = "$(inherited) @executable_path/Frameworks @loader_path/Frameworks";
				PRODUCT_BUNDLE_IDENTIFIER = com.rmit.HotpotUITests;
				PRODUCT_NAME = "$(TARGET_NAME)";
				SWIFT_VERSION = 4.0;
				TARGETED_DEVICE_FAMILY = "1,2";
				TEST_TARGET_NAME = Hotpot;
			};
			name = Debug;
		};
		310DC9CF20117B4F00B872F0 /* Release */ = {
			isa = XCBuildConfiguration;
			baseConfigurationReference = 064E1F7C09A0819DA36A18AD /* Pods-HotpotUITests.release.xcconfig */;
			buildSettings = {
				ALWAYS_EMBED_SWIFT_STANDARD_LIBRARIES = YES;
				CODE_SIGN_STYLE = Automatic;
				DEVELOPMENT_TEAM = 85DU58398H;
				INFOPLIST_FILE = HotpotUITests/Info.plist;
				LD_RUNPATH_SEARCH_PATHS = "$(inherited) @executable_path/Frameworks @loader_path/Frameworks";
				PRODUCT_BUNDLE_IDENTIFIER = com.rmit.HotpotUITests;
				PRODUCT_NAME = "$(TARGET_NAME)";
				SWIFT_VERSION = 4.0;
				TARGETED_DEVICE_FAMILY = "1,2";
				TEST_TARGET_NAME = Hotpot;
			};
			name = Release;
		};
/* End XCBuildConfiguration section */

/* Begin XCConfigurationList section */
		310DC99720117B4F00B872F0 /* Build configuration list for PBXProject "Hotpot" */ = {
			isa = XCConfigurationList;
			buildConfigurations = (
				310DC9C520117B4F00B872F0 /* Debug */,
				310DC9C620117B4F00B872F0 /* Release */,
			);
			defaultConfigurationIsVisible = 0;
			defaultConfigurationName = Release;
		};
		310DC9C720117B4F00B872F0 /* Build configuration list for PBXNativeTarget "Hotpot" */ = {
			isa = XCConfigurationList;
			buildConfigurations = (
				310DC9C820117B4F00B872F0 /* Debug */,
				310DC9C920117B4F00B872F0 /* Release */,
			);
			defaultConfigurationIsVisible = 0;
			defaultConfigurationName = Release;
		};
		310DC9CA20117B4F00B872F0 /* Build configuration list for PBXNativeTarget "HotpotTests" */ = {
			isa = XCConfigurationList;
			buildConfigurations = (
				310DC9CB20117B4F00B872F0 /* Debug */,
				310DC9CC20117B4F00B872F0 /* Release */,
			);
			defaultConfigurationIsVisible = 0;
			defaultConfigurationName = Release;
		};
		310DC9CD20117B4F00B872F0 /* Build configuration list for PBXNativeTarget "HotpotUITests" */ = {
			isa = XCConfigurationList;
			buildConfigurations = (
				310DC9CE20117B4F00B872F0 /* Debug */,
				310DC9CF20117B4F00B872F0 /* Release */,
			);
			defaultConfigurationIsVisible = 0;
			defaultConfigurationName = Release;
		};
/* End XCConfigurationList section */

/* Begin XCVersionGroup section */
		310DC9A620117B4F00B872F0 /* Hotpot.xcdatamodeld */ = {
			isa = XCVersionGroup;
			children = (
				310DC9A720117B4F00B872F0 /* Hotpot.xcdatamodel */,
			);
			currentVersion = 310DC9A720117B4F00B872F0 /* Hotpot.xcdatamodel */;
			path = Hotpot.xcdatamodeld;
			sourceTree = "<group>";
			versionGroupType = wrapper.xcdatamodel;
		};
/* End XCVersionGroup section */
	};
	rootObject = 310DC99420117B4F00B872F0 /* Project object */;
}
